
Microsoft Visual Studio Solution File, Format Version 12.00
# Visual Studio Version 17
VisualStudioVersion = 17.5.002.0
MinimumVisualStudioVersion = 10.0.40219.1
Project("{9A19103F-16F7-4668-BE54-9A1E7A4F7556}") = "LendingTrackerApi", "LendingTrackerApi.csproj", "{ED23DAC3-83E1-4BC3-9950-D90CB82BFA7F}"
EndProject
Global
	GlobalSection(SolutionConfigurationPlatforms) = preSolution
		Debug|Any CPU = Debug|Any CPU
		Release|Any CPU = Release|Any CPU
	EndGlobalSection
	GlobalSection(ProjectConfigurationPlatforms) = postSolution
		{ED23DAC3-83E1-4BC3-9950-D90CB82BFA7F}.Debug|Any CPU.ActiveCfg = Debug|Any CPU
		{ED23DAC3-83E1-4BC3-9950-D90CB82BFA7F}.Debug|Any CPU.Build.0 = Debug|Any CPU
		{ED23DAC3-83E1-4BC3-9950-D90CB82BFA7F}.Release|Any CPU.ActiveCfg = Release|Any CPU
		{ED23DAC3-83E1-4BC3-9950-D90CB82BFA7F}.Release|Any CPU.Build.0 = Release|Any CPU
	EndGlobalSection
	GlobalSection(SolutionProperties) = preSolution
		HideSolutionNode = FALSE
	EndGlobalSection
	GlobalSection(ExtensibilityGlobals) = postSolution
		SolutionGuid = {E97F7713-EE0A-4941-9511-6AD99E9BECD4}
	EndGlobalSection
EndGlobal
